
Microsoft Visual Studio Solution File, Format Version 12.00
# Visual Studio Version 17
VisualStudioVersion = 17.2.32630.192
MinimumVisualStudioVersion = 10.0.40219.1
Project("{9A19103F-16F7-4668-BE54-9A1E7A4F7556}") = "Features", "Features.csproj", "{4A6040B2-FB9F-40E3-BD22-CD7C6A29983B}"
EndProject
Project("{9A19103F-16F7-4668-BE54-9A1E7A4F7556}") = "Queries", "..\Queries\Queries.csproj", "{1304520D-F176-4834-98A1-0AF7EA28D2F1}"
EndProject
Project("{FAE04EC0-301F-11D3-BF4B-00C04F79EFBC}") = "Cars", "..\Cars\Cars.csproj", "{C0E53CF1-FDFE-4C82-8888-5E2144EDD894}"
EndProject
Global
	GlobalSection(SolutionConfigurationPlatforms) = preSolution
		Debug|Any CPU = Debug|Any CPU
		Release|Any CPU = Release|Any CPU
	EndGlobalSection
	GlobalSection(ProjectConfigurationPlatforms) = postSolution
		{4A6040B2-FB9F-40E3-BD22-CD7C6A29983B}.Debug|Any CPU.ActiveCfg = Debug|Any CPU
		{4A6040B2-FB9F-40E3-BD22-CD7C6A29983B}.Debug|Any CPU.Build.0 = Debug|Any CPU
		{4A6040B2-FB9F-40E3-BD22-CD7C6A29983B}.Release|Any CPU.ActiveCfg = Release|Any CPU
		{4A6040B2-FB9F-40E3-BD22-CD7C6A29983B}.Release|Any CPU.Build.0 = Release|Any CPU
		{1304520D-F176-4834-98A1-0AF7EA28D2F1}.Debug|Any CPU.ActiveCfg = Debug|Any CPU
		{1304520D-F176-4834-98A1-0AF7EA28D2F1}.Debug|Any CPU.Build.0 = Debug|Any CPU
		{1304520D-F176-4834-98A1-0AF7EA28D2F1}.Release|Any CPU.ActiveCfg = Release|Any CPU
		{1304520D-F176-4834-98A1-0AF7EA28D2F1}.Release|Any CPU.Build.0 = Release|Any CPU
		{C0E53CF1-FDFE-4C82-8888-5E2144EDD894}.Debug|Any CPU.ActiveCfg = Debug|Any CPU
		{C0E53CF1-FDFE-4C82-8888-5E2144EDD894}.Debug|Any CPU.Build.0 = Debug|Any CPU
		{C0E53CF1-FDFE-4C82-8888-5E2144EDD894}.Release|Any CPU.ActiveCfg = Release|Any CPU
		{C0E53CF1-FDFE-4C82-8888-5E2144EDD894}.Release|Any CPU.Build.0 = Release|Any CPU
	EndGlobalSection
	GlobalSection(SolutionProperties) = preSolution
		HideSolutionNode = FALSE
	EndGlobalSection
	GlobalSection(ExtensibilityGlobals) = postSolution
		SolutionGuid = {5501A53E-8D98-4348-841D-3ED51D93B161}
	EndGlobalSection
EndGlobal
